
Microsoft Visual Studio Solution File, Format Version 12.00
# Visual Studio 15
VisualStudioVersion = 15.0.28307.852
MinimumVisualStudioVersion = 10.0.40219.1
Project("{FAE04EC0-301F-11D3-BF4B-00C04F79EFBC}") = "SNeat", "SNeat\SNeat.csproj", "{469BBEB6-1BF0-43F9-8D31-DEC89FADCB08}"
EndProject
Global
	GlobalSection(SolutionConfigurationPlatforms) = preSolution
		Debug|Any CPU = Debug|Any CPU
		Release|Any CPU = Release|Any CPU
	EndGlobalSection
	GlobalSection(ProjectConfigurationPlatforms) = postSolution
		{469BBEB6-1BF0-43F9-8D31-DEC89FADCB08}.Debug|Any CPU.ActiveCfg = Debug|Any CPU
		{469BBEB6-1BF0-43F9-8D31-DEC89FADCB08}.Debug|Any CPU.Build.0 = Debug|Any CPU
		{469BBEB6-1BF0-43F9-8D31-DEC89FADCB08}.Release|Any CPU.ActiveCfg = Release|Any CPU
		{469BBEB6-1BF0-43F9-8D31-DEC89FADCB08}.Release|Any CPU.Build.0 = Release|Any CPU
	EndGlobalSection
	GlobalSection(SolutionProperties) = preSolution
		HideSolutionNode = FALSE
	EndGlobalSection
	GlobalSection(ExtensibilityGlobals) = postSolution
		SolutionGuid = {F50147ED-E199-4DFA-B3D5-C74A43D369D4}
	EndGlobalSection
EndGlobal
